
Microsoft Visual Studio Solution File, Format Version 12.00
# Visual Studio Version 17
VisualStudioVersion = 17.5.33424.131
MinimumVisualStudioVersion = 10.0.40219.1
Project("{FAE04EC0-301F-11D3-BF4B-00C04F79EFBC}") = "1 BIMESTRE - LISTA 2 - RYAN", "1 BIMESTRE - LISTA 2 - RYAN\1 BIMESTRE - LISTA 2 - RYAN.csproj", "{9B99C040-8809-483B-B139-7D3F8F950308}"
EndProject
Global
	GlobalSection(SolutionConfigurationPlatforms) = preSolution
		Debug|Any CPU = Debug|Any CPU
		Release|Any CPU = Release|Any CPU
	EndGlobalSection
	GlobalSection(ProjectConfigurationPlatforms) = postSolution
		{9B99C040-8809-483B-B139-7D3F8F950308}.Debug|Any CPU.ActiveCfg = Debug|Any CPU
		{9B99C040-8809-483B-B139-7D3F8F950308}.Debug|Any CPU.Build.0 = Debug|Any CPU
		{9B99C040-8809-483B-B139-7D3F8F950308}.Release|Any CPU.ActiveCfg = Release|Any CPU
		{9B99C040-8809-483B-B139-7D3F8F950308}.Release|Any CPU.Build.0 = Release|Any CPU
	EndGlobalSection
	GlobalSection(SolutionProperties) = preSolution
		HideSolutionNode = FALSE
	EndGlobalSection
	GlobalSection(ExtensibilityGlobals) = postSolution
		SolutionGuid = {07D01FD4-F79C-4E21-8C35-8A2BE873F224}
	EndGlobalSection
EndGlobal
